# THIS IS AN AUTOGENERATED FILE. DO NOT EDIT THIS FILE DIRECTLY.
# yarn lockfile v1


"@google-cloud/common@^3.0.0":
  version "3.10.0"
  resolved "https://registry.npmjs.org/@google-cloud/common/-/common-3.10.0.tgz"
  dependencies:
    "@google-cloud/projectify" "^2.0.0"
    "@google-cloud/promisify" "^2.0.0"
    arrify "^2.0.1"
    duplexify "^4.1.1"
    ent "^2.2.0"
    extend "^3.0.2"
    google-auth-library "^7.14.0"
    retry-request "^4.2.2"
    teeny-request "^7.0.0"

"@google-cloud/dns@^2.2.4":
  version "2.2.4"
  resolved "https://registry.npmjs.org/@google-cloud/dns/-/dns-2.2.4.tgz"
  dependencies:
    "@google-cloud/common" "^3.0.0"
    "@google-cloud/paginator" "^3.0.0"
    "@google-cloud/promisify" "^2.0.0"
    arrify "^2.0.0"
    dns-zonefile "0.2.10"
    lodash.groupby "^4.6.0"
    string-format-obj "^1.1.1"

"@google-cloud/paginator@^3.0.0":
  version "3.0.7"
  resolved "https://registry.npmjs.org/@google-cloud/paginator/-/paginator-3.0.7.tgz"
  dependencies:
    arrify "^2.0.0"
    extend "^3.0.2"

"@google-cloud/projectify@^2.0.0":
  version "2.1.1"
  resolved "https://registry.npmjs.org/@google-cloud/projectify/-/projectify-2.1.1.tgz"

"@google-cloud/promisify@^2.0.0":
  version "2.0.4"
  resolved "https://registry.npmjs.org/@google-cloud/promisify/-/promisify-2.0.4.tgz"

"@grpc/grpc-js@^1.3.7", "@grpc/grpc-js@^1.8.8":
  version "1.8.8"
  resolved "https://registry.yarnpkg.com/@grpc/grpc-js/-/grpc-js-1.8.8.tgz#a7c6765d0302f47ba67c0ce3cb79718d6b028248"
  dependencies:
    "@grpc/proto-loader" "^0.7.0"
    "@types/node" ">=12.12.47"

"@grpc/proto-loader@^0.6.4":
  version "0.6.6"
  resolved "https://registry.npmjs.org/@grpc/proto-loader/-/proto-loader-0.6.6.tgz"
  dependencies:
    "@types/long" "^4.0.1"
    lodash.camelcase "^4.3.0"
    long "^4.0.0"
    protobufjs "^6.10.0"
    yargs "^16.1.1"

"@grpc/proto-loader@^0.7.0":
  version "0.7.7"
  resolved "https://registry.yarnpkg.com/@grpc/proto-loader/-/proto-loader-0.7.7.tgz#d33677a77eea8407f7c66e2abd97589b60eb4b21"
  dependencies:
    "@types/long" "^4.0.1"
    lodash.camelcase "^4.3.0"
    long "^4.0.0"
    protobufjs "^7.0.0"
    yargs "^17.7.2"

"@opentelemetry/api-metrics@0.25.0":
  version "0.25.0"
  resolved "https://registry.npmjs.org/@opentelemetry/api-metrics/-/api-metrics-0.25.0.tgz"

"@opentelemetry/api-metrics@0.26.0":
  version "0.26.0"
  resolved "https://registry.npmjs.org/@opentelemetry/api-metrics/-/api-metrics-0.26.0.tgz"

"@opentelemetry/api@^1.0.3":
  version "1.0.3"
  resolved "https://registry.npmjs.org/@opentelemetry/api/-/api-1.0.3.tgz"

"@opentelemetry/auto-instrumentations-node@^0.26.0":
  version "0.26.0"
  resolved "https://registry.npmjs.org/@opentelemetry/auto-instrumentations-node/-/auto-instrumentations-node-0.26.0.tgz"
  dependencies:
    "@opentelemetry/instrumentation" "^0.26.0"
    "@opentelemetry/instrumentation-dns" "^0.26.0"
    "@opentelemetry/instrumentation-express" "^0.26.0"
    "@opentelemetry/instrumentation-graphql" "^0.26.0"
    "@opentelemetry/instrumentation-grpc" "^0.26.0"
    "@opentelemetry/instrumentation-http" "^0.26.0"
    "@opentelemetry/instrumentation-ioredis" "^0.26.0"
    "@opentelemetry/instrumentation-koa" "^0.26.0"
    "@opentelemetry/instrumentation-mongodb" "^0.26.0"
    "@opentelemetry/instrumentation-mysql" "^0.26.0"
    "@opentelemetry/instrumentation-pg" "^0.26.0"
    "@opentelemetry/instrumentation-redis" "^0.26.0"

"@opentelemetry/context-async-hooks@1.0.0":
  version "1.0.0"
  resolved "https://registry.npmjs.org/@opentelemetry/context-async-hooks/-/context-async-hooks-1.0.0.tgz"

"@opentelemetry/core@0.24.0":
  version "0.24.0"
  resolved "https://registry.npmjs.org/@opentelemetry/core/-/core-0.24.0.tgz"
  dependencies:
    "@opentelemetry/semantic-conventions" "0.24.0"
    semver "^7.1.3"

"@opentelemetry/core@0.25.0":
  version "0.25.0"
  resolved "https://registry.npmjs.org/@opentelemetry/core/-/core-0.25.0.tgz"
  dependencies:
    "@opentelemetry/semantic-conventions" "0.25.0"
    semver "^7.3.5"

"@opentelemetry/core@1.0.0", "@opentelemetry/core@^1.0.0":
  version "1.0.0"
  resolved "https://registry.npmjs.org/@opentelemetry/core/-/core-1.0.0.tgz"
  dependencies:
    "@opentelemetry/semantic-conventions" "1.0.0"
    semver "^7.3.5"

"@opentelemetry/exporter-collector-grpc@^0.25.0":
  version "0.25.0"
  resolved "https://registry.npmjs.org/@opentelemetry/exporter-collector-grpc/-/exporter-collector-grpc-0.25.0.tgz"
  dependencies:
    "@grpc/grpc-js" "^1.3.7"
    "@grpc/proto-loader" "^0.6.4"
    "@opentelemetry/core" "0.25.0"
    "@opentelemetry/exporter-collector" "0.25.0"
    "@opentelemetry/resources" "0.25.0"
    "@opentelemetry/sdk-metrics-base" "0.25.0"
    "@opentelemetry/sdk-trace-base" "0.25.0"

"@opentelemetry/exporter-collector@0.25.0":
  version "0.25.0"
  resolved "https://registry.npmjs.org/@opentelemetry/exporter-collector/-/exporter-collector-0.25.0.tgz"
  dependencies:
    "@opentelemetry/api-metrics" "0.25.0"
    "@opentelemetry/core" "0.25.0"
    "@opentelemetry/resources" "0.25.0"
    "@opentelemetry/sdk-metrics-base" "0.25.0"
    "@opentelemetry/sdk-trace-base" "0.25.0"

"@opentelemetry/instrumentation-dns@^0.26.0":
  version "0.26.0"
  resolved "https://registry.npmjs.org/@opentelemetry/instrumentation-dns/-/instrumentation-dns-0.26.0.tgz"
  dependencies:
    "@opentelemetry/instrumentation" "^0.26.0"
    "@opentelemetry/semantic-conventions" "^1.0.0"
    semver "^7.3.2"

"@opentelemetry/instrumentation-express@^0.26.0":
  version "0.26.0"
  resolved "https://registry.npmjs.org/@opentelemetry/instrumentation-express/-/instrumentation-express-0.26.0.tgz"
  dependencies:
    "@opentelemetry/core" "^1.0.0"
    "@opentelemetry/instrumentation" "^0.26.0"
    "@opentelemetry/semantic-conventions" "^1.0.0"
    "@types/express" "4.17.13"

"@opentelemetry/instrumentation-graphql@^0.26.0":
  version "0.26.0"
  resolved "https://registry.npmjs.org/@opentelemetry/instrumentation-graphql/-/instrumentation-graphql-0.26.0.tgz"
  dependencies:
    "@opentelemetry/instrumentation" "^0.26.0"
    "@types/graphql" "14.5.0"

"@opentelemetry/instrumentation-grpc@^0.26.0":
  version "0.26.0"
  resolved "https://registry.npmjs.org/@opentelemetry/instrumentation-grpc/-/instrumentation-grpc-0.26.0.tgz"
  dependencies:
    "@opentelemetry/api-metrics" "0.26.0"
    "@opentelemetry/instrumentation" "0.26.0"
    "@opentelemetry/semantic-conventions" "1.0.0"

"@opentelemetry/instrumentation-http@^0.26.0":
  version "0.26.0"
  resolved "https://registry.npmjs.org/@opentelemetry/instrumentation-http/-/instrumentation-http-0.26.0.tgz"
  dependencies:
    "@opentelemetry/core" "1.0.0"
    "@opentelemetry/instrumentation" "0.26.0"
    "@opentelemetry/semantic-conventions" "1.0.0"
    semver "^7.3.5"

"@opentelemetry/instrumentation-ioredis@^0.26.0":
  version "0.26.0"
  resolved "https://registry.npmjs.org/@opentelemetry/instrumentation-ioredis/-/instrumentation-ioredis-0.26.0.tgz"
  dependencies:
    "@opentelemetry/instrumentation" "^0.26.0"
    "@opentelemetry/semantic-conventions" "^1.0.0"
    "@types/ioredis" "4.26.6"

"@opentelemetry/instrumentation-koa@^0.26.0":
  version "0.26.0"
  resolved "https://registry.npmjs.org/@opentelemetry/instrumentation-koa/-/instrumentation-koa-0.26.0.tgz"
  dependencies:
    "@opentelemetry/core" "^1.0.0"
    "@opentelemetry/instrumentation" "^0.26.0"
    "@opentelemetry/semantic-conventions" "^1.0.0"
    "@types/koa" "2.13.4"
    "@types/koa__router" "8.0.7"

"@opentelemetry/instrumentation-mongodb@^0.26.0":
  version "0.26.0"
  resolved "https://registry.npmjs.org/@opentelemetry/instrumentation-mongodb/-/instrumentation-mongodb-0.26.0.tgz"
  dependencies:
    "@opentelemetry/instrumentation" "^0.26.0"
    "@opentelemetry/semantic-conventions" "^1.0.0"
    "@types/mongodb" "3.6.20"

"@opentelemetry/instrumentation-mysql@^0.26.0":
  version "0.26.0"
  resolved "https://registry.npmjs.org/@opentelemetry/instrumentation-mysql/-/instrumentation-mysql-0.26.0.tgz"
  dependencies:
    "@opentelemetry/instrumentation" "^0.26.0"
    "@opentelemetry/semantic-conventions" "^1.0.0"
    "@types/mysql" "2.15.19"

"@opentelemetry/instrumentation-pg@^0.26.0":
  version "0.26.0"
  resolved "https://registry.npmjs.org/@opentelemetry/instrumentation-pg/-/instrumentation-pg-0.26.0.tgz"
  dependencies:
    "@opentelemetry/instrumentation" "^0.26.0"
    "@opentelemetry/semantic-conventions" "^1.0.0"
    "@types/pg" "8.6.1"
    "@types/pg-pool" "2.0.3"

"@opentelemetry/instrumentation-redis@^0.26.0":
  version "0.26.0"
  resolved "https://registry.npmjs.org/@opentelemetry/instrumentation-redis/-/instrumentation-redis-0.26.0.tgz"
  dependencies:
    "@opentelemetry/instrumentation" "^0.26.0"
    "@opentelemetry/semantic-conventions" "^1.0.0"
    "@types/redis" "2.8.31"

"@opentelemetry/instrumentation@0.26.0", "@opentelemetry/instrumentation@^0.26.0":
  version "0.26.0"
  resolved "https://registry.npmjs.org/@opentelemetry/instrumentation/-/instrumentation-0.26.0.tgz"
  dependencies:
    "@opentelemetry/api-metrics" "0.26.0"
    require-in-the-middle "^5.0.3"
    semver "^7.3.2"
    shimmer "^1.2.1"

"@opentelemetry/propagator-b3@1.0.0":
  version "1.0.0"
  resolved "https://registry.npmjs.org/@opentelemetry/propagator-b3/-/propagator-b3-1.0.0.tgz"
  dependencies:
    "@opentelemetry/core" "1.0.0"

"@opentelemetry/propagator-jaeger@1.0.0":
  version "1.0.0"
  resolved "https://registry.npmjs.org/@opentelemetry/propagator-jaeger/-/propagator-jaeger-1.0.0.tgz"
  dependencies:
    "@opentelemetry/core" "1.0.0"

"@opentelemetry/resource-detector-aws@0.24.0":
  version "0.24.0"
  resolved "https://registry.npmjs.org/@opentelemetry/resource-detector-aws/-/resource-detector-aws-0.24.0.tgz"
  dependencies:
    "@opentelemetry/core" "0.24.0"
    "@opentelemetry/resources" "0.24.0"
    "@opentelemetry/semantic-conventions" "0.24.0"

"@opentelemetry/resource-detector-gcp@0.24.0":
  version "0.24.0"
  resolved "https://registry.npmjs.org/@opentelemetry/resource-detector-gcp/-/resource-detector-gcp-0.24.0.tgz"
  dependencies:
    "@opentelemetry/resources" "0.24.0"
    "@opentelemetry/semantic-conventions" "0.24.0"
    gcp-metadata "^4.1.4"
    semver "7.3.5"

"@opentelemetry/resources@0.24.0":
  version "0.24.0"
  resolved "https://registry.npmjs.org/@opentelemetry/resources/-/resources-0.24.0.tgz"
  dependencies:
    "@opentelemetry/core" "0.24.0"
    "@opentelemetry/semantic-conventions" "0.24.0"

"@opentelemetry/resources@0.25.0":
  version "0.25.0"
  resolved "https://registry.npmjs.org/@opentelemetry/resources/-/resources-0.25.0.tgz"
  dependencies:
    "@opentelemetry/core" "0.25.0"
    "@opentelemetry/semantic-conventions" "0.25.0"

"@opentelemetry/resources@1.0.0":
  version "1.0.0"
  resolved "https://registry.npmjs.org/@opentelemetry/resources/-/resources-1.0.0.tgz"
  dependencies:
    "@opentelemetry/core" "1.0.0"
    "@opentelemetry/semantic-conventions" "1.0.0"

"@opentelemetry/sdk-metrics-base@0.25.0":
  version "0.25.0"
  resolved "https://registry.npmjs.org/@opentelemetry/sdk-metrics-base/-/sdk-metrics-base-0.25.0.tgz"
  dependencies:
    "@opentelemetry/api-metrics" "0.25.0"
    "@opentelemetry/core" "0.25.0"
    "@opentelemetry/resources" "0.25.0"
    lodash.merge "^4.6.2"

"@opentelemetry/sdk-metrics-base@0.26.0":
  version "0.26.0"
  resolved "https://registry.npmjs.org/@opentelemetry/sdk-metrics-base/-/sdk-metrics-base-0.26.0.tgz"
  dependencies:
    "@opentelemetry/api-metrics" "0.26.0"
    "@opentelemetry/core" "1.0.0"
    "@opentelemetry/resources" "1.0.0"
    lodash.merge "^4.6.2"

"@opentelemetry/sdk-node@^0.26.0":
  version "0.26.0"
  resolved "https://registry.npmjs.org/@opentelemetry/sdk-node/-/sdk-node-0.26.0.tgz"
  dependencies:
    "@opentelemetry/api-metrics" "0.26.0"
    "@opentelemetry/core" "1.0.0"
    "@opentelemetry/instrumentation" "0.26.0"
    "@opentelemetry/resource-detector-aws" "0.24.0"
    "@opentelemetry/resource-detector-gcp" "0.24.0"
    "@opentelemetry/resources" "1.0.0"
    "@opentelemetry/sdk-metrics-base" "0.26.0"
    "@opentelemetry/sdk-trace-base" "1.0.0"
    "@opentelemetry/sdk-trace-node" "1.0.0"

"@opentelemetry/sdk-trace-base@0.25.0":
  version "0.25.0"
  resolved "https://registry.npmjs.org/@opentelemetry/sdk-trace-base/-/sdk-trace-base-0.25.0.tgz"
  dependencies:
    "@opentelemetry/core" "0.25.0"
    "@opentelemetry/resources" "0.25.0"
    "@opentelemetry/semantic-conventions" "0.25.0"
    lodash.merge "^4.6.2"

"@opentelemetry/sdk-trace-base@1.0.0":
  version "1.0.0"
  resolved "https://registry.npmjs.org/@opentelemetry/sdk-trace-base/-/sdk-trace-base-1.0.0.tgz"
  dependencies:
    "@opentelemetry/core" "1.0.0"
    "@opentelemetry/resources" "1.0.0"
    "@opentelemetry/semantic-conventions" "1.0.0"
    lodash.merge "^4.6.2"

"@opentelemetry/sdk-trace-node@1.0.0":
  version "1.0.0"
  resolved "https://registry.npmjs.org/@opentelemetry/sdk-trace-node/-/sdk-trace-node-1.0.0.tgz"
  dependencies:
    "@opentelemetry/context-async-hooks" "1.0.0"
    "@opentelemetry/core" "1.0.0"
    "@opentelemetry/propagator-b3" "1.0.0"
    "@opentelemetry/propagator-jaeger" "1.0.0"
    "@opentelemetry/sdk-trace-base" "1.0.0"
    semver "^7.3.5"

"@opentelemetry/semantic-conventions@0.24.0":
  version "0.24.0"
  resolved "https://registry.npmjs.org/@opentelemetry/semantic-conventions/-/semantic-conventions-0.24.0.tgz"

"@opentelemetry/semantic-conventions@0.25.0":
  version "0.25.0"
  resolved "https://registry.npmjs.org/@opentelemetry/semantic-conventions/-/semantic-conventions-0.25.0.tgz"

"@opentelemetry/semantic-conventions@1.0.0", "@opentelemetry/semantic-conventions@^1.0.0":
  version "1.0.0"
  resolved "https://registry.npmjs.org/@opentelemetry/semantic-conventions/-/semantic-conventions-1.0.0.tgz"

"@protobufjs/aspromise@^1.1.1", "@protobufjs/aspromise@^1.1.2":
  version "1.1.2"
  resolved "https://registry.npmjs.org/@protobufjs/aspromise/-/aspromise-1.1.2.tgz"

"@protobufjs/base64@^1.1.2":
  version "1.1.2"
  resolved "https://registry.npmjs.org/@protobufjs/base64/-/base64-1.1.2.tgz"

"@protobufjs/codegen@^2.0.4":
  version "2.0.4"
  resolved "https://registry.npmjs.org/@protobufjs/codegen/-/codegen-2.0.4.tgz"

"@protobufjs/eventemitter@^1.1.0":
  version "1.1.0"
  resolved "https://registry.npmjs.org/@protobufjs/eventemitter/-/eventemitter-1.1.0.tgz"

"@protobufjs/fetch@^1.1.0":
  version "1.1.0"
  resolved "https://registry.npmjs.org/@protobufjs/fetch/-/fetch-1.1.0.tgz"
  dependencies:
    "@protobufjs/aspromise" "^1.1.1"
    "@protobufjs/inquire" "^1.1.0"

"@protobufjs/float@^1.0.2":
  version "1.0.2"
  resolved "https://registry.npmjs.org/@protobufjs/float/-/float-1.0.2.tgz"

"@protobufjs/inquire@^1.1.0":
  version "1.1.0"
  resolved "https://registry.npmjs.org/@protobufjs/inquire/-/inquire-1.1.0.tgz"

"@protobufjs/path@^1.1.2":
  version "1.1.2"
  resolved "https://registry.npmjs.org/@protobufjs/path/-/path-1.1.2.tgz"

"@protobufjs/pool@^1.1.0":
  version "1.1.0"
  resolved "https://registry.npmjs.org/@protobufjs/pool/-/pool-1.1.0.tgz"

"@protobufjs/utf8@^1.1.0":
  version "1.1.0"
  resolved "https://registry.npmjs.org/@protobufjs/utf8/-/utf8-1.1.0.tgz"

"@tootallnate/once@2":
  version "2.0.0"
  resolved "https://registry.npmjs.org/@tootallnate/once/-/once-2.0.0.tgz"

"@types/accepts@*":
  version "1.3.5"
  resolved "https://registry.npmjs.org/@types/accepts/-/accepts-1.3.5.tgz"
  dependencies:
    "@types/node" "*"

"@types/body-parser@*":
  version "1.19.1"
  resolved "https://registry.npmjs.org/@types/body-parser/-/body-parser-1.19.1.tgz"
  dependencies:
    "@types/connect" "*"
    "@types/node" "*"

"@types/bson@*":
  version "4.2.0"
  resolved "https://registry.npmjs.org/@types/bson/-/bson-4.2.0.tgz"
  dependencies:
    bson "*"

"@types/connect@*":
  version "3.4.35"
  resolved "https://registry.npmjs.org/@types/connect/-/connect-3.4.35.tgz"
  dependencies:
    "@types/node" "*"

"@types/content-disposition@*":
  version "0.5.4"
  resolved "https://registry.npmjs.org/@types/content-disposition/-/content-disposition-0.5.4.tgz"

"@types/cookies@*":
  version "0.7.7"
  resolved "https://registry.npmjs.org/@types/cookies/-/cookies-0.7.7.tgz"
  dependencies:
    "@types/connect" "*"
    "@types/express" "*"
    "@types/keygrip" "*"
    "@types/node" "*"

"@types/express-serve-static-core@^4.17.18":
  version "4.17.24"
  resolved "https://registry.npmjs.org/@types/express-serve-static-core/-/express-serve-static-core-4.17.24.tgz"
  dependencies:
    "@types/node" "*"
    "@types/qs" "*"
    "@types/range-parser" "*"

"@types/express@*", "@types/express@4.17.13":
  version "4.17.13"
  resolved "https://registry.npmjs.org/@types/express/-/express-4.17.13.tgz"
  dependencies:
    "@types/body-parser" "*"
    "@types/express-serve-static-core" "^4.17.18"
    "@types/qs" "*"
    "@types/serve-static" "*"

"@types/glob@*":
  version "7.1.4"
  resolved "https://registry.npmjs.org/@types/glob/-/glob-7.1.4.tgz"
  dependencies:
    "@types/minimatch" "*"
    "@types/node" "*"

"@types/graphql@14.5.0":
  version "14.5.0"
  resolved "https://registry.npmjs.org/@types/graphql/-/graphql-14.5.0.tgz"
  dependencies:
    graphql "*"

"@types/http-assert@*":
  version "1.5.3"
  resolved "https://registry.npmjs.org/@types/http-assert/-/http-assert-1.5.3.tgz"

"@types/http-errors@*":
  version "1.8.1"
  resolved "https://registry.npmjs.org/@types/http-errors/-/http-errors-1.8.1.tgz"

"@types/ioredis@4.26.6":
  version "4.26.6"
  resolved "https://registry.npmjs.org/@types/ioredis/-/ioredis-4.26.6.tgz"
  dependencies:
    "@types/node" "*"

"@types/keygrip@*":
  version "1.0.2"
  resolved "https://registry.npmjs.org/@types/keygrip/-/keygrip-1.0.2.tgz"

"@types/koa-compose@*":
  version "3.2.5"
  resolved "https://registry.npmjs.org/@types/koa-compose/-/koa-compose-3.2.5.tgz"
  dependencies:
    "@types/koa" "*"

"@types/koa@*", "@types/koa@2.13.4":
  version "2.13.4"
  resolved "https://registry.npmjs.org/@types/koa/-/koa-2.13.4.tgz"
  dependencies:
    "@types/accepts" "*"
    "@types/content-disposition" "*"
    "@types/cookies" "*"
    "@types/http-assert" "*"
    "@types/http-errors" "*"
    "@types/keygrip" "*"
    "@types/koa-compose" "*"
    "@types/node" "*"

"@types/koa__router@8.0.7":
  version "8.0.7"
  resolved "https://registry.npmjs.org/@types/koa__router/-/koa__router-8.0.7.tgz"
  dependencies:
    "@types/koa" "*"

"@types/long@^4.0.1":
  version "4.0.1"
  resolved "https://registry.npmjs.org/@types/long/-/long-4.0.1.tgz"

"@types/mime@^1":
  version "1.3.2"
  resolved "https://registry.npmjs.org/@types/mime/-/mime-1.3.2.tgz"

"@types/minimatch@*":
  version "3.0.5"
  resolved "https://registry.npmjs.org/@types/minimatch/-/minimatch-3.0.5.tgz"

"@types/mongodb@3.6.20":
  version "3.6.20"
  resolved "https://registry.npmjs.org/@types/mongodb/-/mongodb-3.6.20.tgz"
  dependencies:
    "@types/bson" "*"
    "@types/node" "*"

"@types/mysql@2.15.19":
  version "2.15.19"
  resolved "https://registry.npmjs.org/@types/mysql/-/mysql-2.15.19.tgz"
  dependencies:
    "@types/node" "*"

"@types/node@*", "@types/node@>=12.12.47", "@types/node@>=13.7.0", "@types/node@^16.11.0":
  version "16.11.6"
  resolved "https://registry.npmjs.org/@types/node/-/node-16.11.6.tgz"

"@types/pg-pool@2.0.3":
  version "2.0.3"
  resolved "https://registry.npmjs.org/@types/pg-pool/-/pg-pool-2.0.3.tgz"
  dependencies:
    "@types/pg" "*"

"@types/pg@*", "@types/pg@8.6.1":
  version "8.6.1"
  resolved "https://registry.npmjs.org/@types/pg/-/pg-8.6.1.tgz"
  dependencies:
    "@types/node" "*"
    pg-protocol "*"
    pg-types "^2.2.0"

"@types/qs@*":
  version "6.9.7"
  resolved "https://registry.npmjs.org/@types/qs/-/qs-6.9.7.tgz"

"@types/range-parser@*":
  version "1.2.4"
  resolved "https://registry.npmjs.org/@types/range-parser/-/range-parser-1.2.4.tgz"

"@types/redis@2.8.31":
  version "2.8.31"
  resolved "https://registry.npmjs.org/@types/redis/-/redis-2.8.31.tgz"
  dependencies:
    "@types/node" "*"

"@types/semver@7.3.5":
  version "7.3.5"
  resolved "https://registry.npmjs.org/@types/semver/-/semver-7.3.5.tgz"

"@types/serve-static@*":
  version "1.13.10"
  resolved "https://registry.npmjs.org/@types/serve-static/-/serve-static-1.13.10.tgz"
  dependencies:
    "@types/mime" "^1"
    "@types/node" "*"

"@types/shelljs@^0.8.8":
  version "0.8.9"
  resolved "https://registry.npmjs.org/@types/shelljs/-/shelljs-0.8.9.tgz"
  dependencies:
    "@types/glob" "*"
    "@types/node" "*"

abort-controller@^3.0.0:
  version "3.0.0"
  resolved "https://registry.npmjs.org/abort-controller/-/abort-controller-3.0.0.tgz"
  dependencies:
    event-target-shim "^5.0.0"

agent-base@6:
  version "6.0.2"
  resolved "https://registry.npmjs.org/agent-base/-/agent-base-6.0.2.tgz"
  dependencies:
    debug "4"

ansi-regex@^5.0.1:
  version "5.0.1"
  resolved "https://registry.npmjs.org/ansi-regex/-/ansi-regex-5.0.1.tgz"

ansi-styles@^4.0.0:
  version "4.3.0"
  resolved "https://registry.npmjs.org/ansi-styles/-/ansi-styles-4.3.0.tgz"
  dependencies:
    color-convert "^2.0.1"

arg@^4.1.0:
  version "4.1.3"
  resolved "https://registry.npmjs.org/arg/-/arg-4.1.3.tgz"

arrify@^2.0.0, arrify@^2.0.1:
  version "2.0.1"
  resolved "https://registry.npmjs.org/arrify/-/arrify-2.0.1.tgz"

balanced-match@^1.0.0:
  version "1.0.2"
  resolved "https://registry.npmjs.org/balanced-match/-/balanced-match-1.0.2.tgz"

base64-js@^1.3.0, base64-js@^1.3.1:
  version "1.5.1"
  resolved "https://registry.npmjs.org/base64-js/-/base64-js-1.5.1.tgz"

bignumber.js@^9.0.0:
  version "9.0.1"
  resolved "https://registry.npmjs.org/bignumber.js/-/bignumber.js-9.0.1.tgz"

brace-expansion@^1.1.7:
  version "1.1.11"
  resolved "https://registry.npmjs.org/brace-expansion/-/brace-expansion-1.1.11.tgz"
  dependencies:
    balanced-match "^1.0.0"
    concat-map "0.0.1"

bson@*:
  version "4.5.3"
  resolved "https://registry.npmjs.org/bson/-/bson-4.5.3.tgz"
  dependencies:
    buffer "^5.6.0"

buffer-equal-constant-time@1.0.1:
  version "1.0.1"
  resolved "https://registry.npmjs.org/buffer-equal-constant-time/-/buffer-equal-constant-time-1.0.1.tgz"

buffer-from@^1.0.0:
  version "1.1.2"
  resolved "https://registry.npmjs.org/buffer-from/-/buffer-from-1.1.2.tgz"

buffer@^5.6.0:
  version "5.7.1"
  resolved "https://registry.npmjs.org/buffer/-/buffer-5.7.1.tgz"
  dependencies:
    base64-js "^1.3.1"
    ieee754 "^1.1.13"

cliui@^7.0.2:
  version "7.0.4"
  resolved "https://registry.npmjs.org/cliui/-/cliui-7.0.4.tgz"
  dependencies:
    string-width "^4.2.0"
    strip-ansi "^6.0.0"
    wrap-ansi "^7.0.0"

cliui@^8.0.1:
  version "8.0.1"
  resolved "https://registry.yarnpkg.com/cliui/-/cliui-8.0.1.tgz#0c04b075db02cbfe60dc8e6cf2f5486b1a3608aa"
  dependencies:
    string-width "^4.2.0"
    strip-ansi "^6.0.1"
    wrap-ansi "^7.0.0"

color-convert@^2.0.1:
  version "2.0.1"
  resolved "https://registry.npmjs.org/color-convert/-/color-convert-2.0.1.tgz"
  dependencies:
    color-name "~1.1.4"

color-name@~1.1.4:
  version "1.1.4"
  resolved "https://registry.npmjs.org/color-name/-/color-name-1.1.4.tgz"

concat-map@0.0.1:
  version "0.0.1"
  resolved "https://registry.npmjs.org/concat-map/-/concat-map-0.0.1.tgz"

create-require@^1.1.0:
  version "1.1.1"
  resolved "https://registry.npmjs.org/create-require/-/create-require-1.1.1.tgz"

debug@4, debug@^4.1.1:
  version "4.3.2"
  resolved "https://registry.npmjs.org/debug/-/debug-4.3.2.tgz"
  dependencies:
    ms "2.1.2"

diff@^4.0.1:
  version "4.0.2"
  resolved "https://registry.npmjs.org/diff/-/diff-4.0.2.tgz"

dns-zonefile@0.2.10:
  version "0.2.10"
  resolved "https://registry.npmjs.org/dns-zonefile/-/dns-zonefile-0.2.10.tgz"

duplexify@^4.1.1:
  version "4.1.2"
  resolved "https://registry.npmjs.org/duplexify/-/duplexify-4.1.2.tgz"
  dependencies:
    end-of-stream "^1.4.1"
    inherits "^2.0.3"
    readable-stream "^3.1.1"
    stream-shift "^1.0.0"

ecdsa-sig-formatter@1.0.11, ecdsa-sig-formatter@^1.0.11:
  version "1.0.11"
  resolved "https://registry.npmjs.org/ecdsa-sig-formatter/-/ecdsa-sig-formatter-1.0.11.tgz"
  dependencies:
    safe-buffer "^5.0.1"

emoji-regex@^8.0.0:
  version "8.0.0"
  resolved "https://registry.npmjs.org/emoji-regex/-/emoji-regex-8.0.0.tgz"

end-of-stream@^1.4.1:
  version "1.4.4"
  resolved "https://registry.npmjs.org/end-of-stream/-/end-of-stream-1.4.4.tgz"
  dependencies:
    once "^1.4.0"

ent@^2.2.0:
  version "2.2.0"
  resolved "https://registry.npmjs.org/ent/-/ent-2.2.0.tgz"

escalade@^3.1.1:
  version "3.1.1"
  resolved "https://registry.npmjs.org/escalade/-/escalade-3.1.1.tgz"

event-target-shim@^5.0.0:
  version "5.0.1"
  resolved "https://registry.npmjs.org/event-target-shim/-/event-target-shim-5.0.1.tgz"

extend@^3.0.2:
  version "3.0.2"
  resolved "https://registry.npmjs.org/extend/-/extend-3.0.2.tgz"

fast-text-encoding@^1.0.0:
  version "1.0.3"
  resolved "https://registry.npmjs.org/fast-text-encoding/-/fast-text-encoding-1.0.3.tgz"

fs.realpath@^1.0.0:
  version "1.0.0"
  resolved "https://registry.npmjs.org/fs.realpath/-/fs.realpath-1.0.0.tgz"

function-bind@^1.1.1:
  version "1.1.1"
  resolved "https://registry.npmjs.org/function-bind/-/function-bind-1.1.1.tgz"

gaxios@^4.0.0:
  version "4.3.2"
  resolved "https://registry.npmjs.org/gaxios/-/gaxios-4.3.2.tgz"
  dependencies:
    abort-controller "^3.0.0"
    extend "^3.0.2"
    https-proxy-agent "^5.0.0"
    is-stream "^2.0.0"
    node-fetch "^2.6.1"

gcp-metadata@^4.1.4, gcp-metadata@^4.2.0:
  version "4.3.1"
  resolved "https://registry.npmjs.org/gcp-metadata/-/gcp-metadata-4.3.1.tgz"
  dependencies:
    gaxios "^4.0.0"
    json-bigint "^1.0.0"

get-caller-file@^2.0.5:
  version "2.0.5"
  resolved "https://registry.npmjs.org/get-caller-file/-/get-caller-file-2.0.5.tgz"

glob@^7.0.0:
  version "7.1.7"
  resolved "https://registry.npmjs.org/glob/-/glob-7.1.7.tgz"
  dependencies:
    fs.realpath "^1.0.0"
    inflight "^1.0.4"
    inherits "2"
    minimatch "^3.0.4"
    once "^1.3.0"
    path-is-absolute "^1.0.0"

google-auth-library@^7.14.0:
  version "7.14.1"
  resolved "https://registry.npmjs.org/google-auth-library/-/google-auth-library-7.14.1.tgz"
  dependencies:
    arrify "^2.0.0"
    base64-js "^1.3.0"
    ecdsa-sig-formatter "^1.0.11"
    fast-text-encoding "^1.0.0"
    gaxios "^4.0.0"
    gcp-metadata "^4.2.0"
    gtoken "^5.0.4"
    jws "^4.0.0"
    lru-cache "^6.0.0"

google-p12-pem@^3.1.3:
  version "3.1.3"
  resolved "https://registry.npmjs.org/google-p12-pem/-/google-p12-pem-3.1.3.tgz"
  dependencies:
    node-forge "^1.0.0"

graphql@*:
  version "15.6.1"
  resolved "https://registry.npmjs.org/graphql/-/graphql-15.6.1.tgz"

gtoken@^5.0.4:
  version "5.3.2"
  resolved "https://registry.npmjs.org/gtoken/-/gtoken-5.3.2.tgz"
  dependencies:
    gaxios "^4.0.0"
    google-p12-pem "^3.1.3"
    jws "^4.0.0"

has@^1.0.3:
  version "1.0.3"
  resolved "https://registry.npmjs.org/has/-/has-1.0.3.tgz"
  dependencies:
    function-bind "^1.1.1"

http-proxy-agent@^5.0.0:
  version "5.0.0"
  resolved "https://registry.npmjs.org/http-proxy-agent/-/http-proxy-agent-5.0.0.tgz"
  dependencies:
    "@tootallnate/once" "2"
    agent-base "6"
    debug "4"

https-proxy-agent@^5.0.0:
  version "5.0.0"
  resolved "https://registry.npmjs.org/https-proxy-agent/-/https-proxy-agent-5.0.0.tgz"
  dependencies:
    agent-base "6"
    debug "4"

ieee754@^1.1.13:
  version "1.2.1"
  resolved "https://registry.npmjs.org/ieee754/-/ieee754-1.2.1.tgz"

inflight@^1.0.4:
  version "1.0.6"
  resolved "https://registry.npmjs.org/inflight/-/inflight-1.0.6.tgz"
  dependencies:
    once "^1.3.0"
    wrappy "1"

inherits@2, inherits@^2.0.3:
  version "2.0.4"
  resolved "https://registry.npmjs.org/inherits/-/inherits-2.0.4.tgz"

interpret@^1.0.0:
  version "1.4.0"
  resolved "https://registry.npmjs.org/interpret/-/interpret-1.4.0.tgz"

is-core-module@^2.2.0:
  version "2.4.0"
  resolved "https://registry.npmjs.org/is-core-module/-/is-core-module-2.4.0.tgz"
  dependencies:
    has "^1.0.3"

is-fullwidth-code-point@^3.0.0:
  version "3.0.0"
  resolved "https://registry.npmjs.org/is-fullwidth-code-point/-/is-fullwidth-code-point-3.0.0.tgz"

is-stream@^2.0.0:
  version "2.0.1"
  resolved "https://registry.npmjs.org/is-stream/-/is-stream-2.0.1.tgz"

json-bigint@^1.0.0:
  version "1.0.0"
  resolved "https://registry.npmjs.org/json-bigint/-/json-bigint-1.0.0.tgz"
  dependencies:
    bignumber.js "^9.0.0"

jwa@^2.0.0:
  version "2.0.0"
  resolved "https://registry.npmjs.org/jwa/-/jwa-2.0.0.tgz"
  dependencies:
    buffer-equal-constant-time "1.0.1"
    ecdsa-sig-formatter "1.0.11"
    safe-buffer "^5.0.1"

jws@^4.0.0:
  version "4.0.0"
  resolved "https://registry.npmjs.org/jws/-/jws-4.0.0.tgz"
  dependencies:
    jwa "^2.0.0"
    safe-buffer "^5.0.1"

lodash.camelcase@^4.3.0:
  version "4.3.0"
  resolved "https://registry.npmjs.org/lodash.camelcase/-/lodash.camelcase-4.3.0.tgz"

lodash.groupby@^4.6.0:
  version "4.6.0"
  resolved "https://registry.npmjs.org/lodash.groupby/-/lodash.groupby-4.6.0.tgz"

lodash.merge@^4.6.2:
  version "4.6.2"
  resolved "https://registry.npmjs.org/lodash.merge/-/lodash.merge-4.6.2.tgz"

long@^4.0.0:
  version "4.0.0"
  resolved "https://registry.npmjs.org/long/-/long-4.0.0.tgz"

long@^5.0.0:
  version "5.2.3"
  resolved "https://registry.yarnpkg.com/long/-/long-5.2.3.tgz#a3ba97f3877cf1d778eccbcb048525ebb77499e1"

lru-cache@^6.0.0:
  version "6.0.0"
  resolved "https://registry.npmjs.org/lru-cache/-/lru-cache-6.0.0.tgz"
  dependencies:
    yallist "^4.0.0"

make-error@^1.1.1:
  version "1.3.6"
  resolved "https://registry.npmjs.org/make-error/-/make-error-1.3.6.tgz"

minimatch@^3.0.4:
  version "3.0.4"
  resolved "https://registry.npmjs.org/minimatch/-/minimatch-3.0.4.tgz"
  dependencies:
    brace-expansion "^1.1.7"

module-details-from-path@^1.0.3:
  version "1.0.3"
  resolved "https://registry.npmjs.org/module-details-from-path/-/module-details-from-path-1.0.3.tgz"

ms@2.1.2:
  version "2.1.2"
  resolved "https://registry.npmjs.org/ms/-/ms-2.1.2.tgz"

node-fetch@^2.6.1:
  version "2.6.5"
  resolved "https://registry.npmjs.org/node-fetch/-/node-fetch-2.6.5.tgz"
  dependencies:
    whatwg-url "^5.0.0"

node-forge@^1.0.0:
  version "1.3.1"
  resolved "https://registry.npmjs.org/node-forge/-/node-forge-1.3.1.tgz"

once@^1.3.0, once@^1.4.0:
  version "1.4.0"
  resolved "https://registry.npmjs.org/once/-/once-1.4.0.tgz"
  dependencies:
    wrappy "1"

path-is-absolute@^1.0.0:
  version "1.0.1"
  resolved "https://registry.npmjs.org/path-is-absolute/-/path-is-absolute-1.0.1.tgz"

path-parse@^1.0.6:
  version "1.0.7"
  resolved "https://registry.npmjs.org/path-parse/-/path-parse-1.0.7.tgz"

pg-int8@1.0.1:
  version "1.0.1"
  resolved "https://registry.npmjs.org/pg-int8/-/pg-int8-1.0.1.tgz"

pg-protocol@*:
  version "1.5.0"
  resolved "https://registry.npmjs.org/pg-protocol/-/pg-protocol-1.5.0.tgz"

pg-types@^2.2.0:
  version "2.2.0"
  resolved "https://registry.npmjs.org/pg-types/-/pg-types-2.2.0.tgz"
  dependencies:
    pg-int8 "1.0.1"
    postgres-array "~2.0.0"
    postgres-bytea "~1.0.0"
    postgres-date "~1.0.4"
    postgres-interval "^1.1.0"

postgres-array@~2.0.0:
  version "2.0.0"
  resolved "https://registry.npmjs.org/postgres-array/-/postgres-array-2.0.0.tgz"

postgres-bytea@~1.0.0:
  version "1.0.0"
  resolved "https://registry.npmjs.org/postgres-bytea/-/postgres-bytea-1.0.0.tgz"

postgres-date@~1.0.4:
  version "1.0.7"
  resolved "https://registry.npmjs.org/postgres-date/-/postgres-date-1.0.7.tgz"

postgres-interval@^1.1.0:
  version "1.2.0"
  resolved "https://registry.npmjs.org/postgres-interval/-/postgres-interval-1.2.0.tgz"
  dependencies:
    xtend "^4.0.0"

protobufjs@^6.10.0:
  version "6.11.2"
  resolved "https://registry.npmjs.org/protobufjs/-/protobufjs-6.11.2.tgz"
  dependencies:
    "@protobufjs/aspromise" "^1.1.2"
    "@protobufjs/base64" "^1.1.2"
    "@protobufjs/codegen" "^2.0.4"
    "@protobufjs/eventemitter" "^1.1.0"
    "@protobufjs/fetch" "^1.1.0"
    "@protobufjs/float" "^1.0.2"
    "@protobufjs/inquire" "^1.1.0"
    "@protobufjs/path" "^1.1.2"
    "@protobufjs/pool" "^1.1.0"
    "@protobufjs/utf8" "^1.1.0"
    "@types/long" "^4.0.1"
    "@types/node" ">=13.7.0"
    long "^4.0.0"

protobufjs@^7.0.0:
  version "7.2.4"
  resolved "https://registry.yarnpkg.com/protobufjs/-/protobufjs-7.2.4.tgz#3fc1ec0cdc89dd91aef9ba6037ba07408485c3ae"
  dependencies:
    "@protobufjs/aspromise" "^1.1.2"
    "@protobufjs/base64" "^1.1.2"
    "@protobufjs/codegen" "^2.0.4"
    "@protobufjs/eventemitter" "^1.1.0"
    "@protobufjs/fetch" "^1.1.0"
    "@protobufjs/float" "^1.0.2"
    "@protobufjs/inquire" "^1.1.0"
    "@protobufjs/path" "^1.1.2"
    "@protobufjs/pool" "^1.1.0"
    "@protobufjs/utf8" "^1.1.0"
    "@types/node" ">=13.7.0"
    long "^5.0.0"

readable-stream@^3.1.1:
  version "3.6.0"
  resolved "https://registry.npmjs.org/readable-stream/-/readable-stream-3.6.0.tgz"
  dependencies:
    inherits "^2.0.3"
    string_decoder "^1.1.1"
    util-deprecate "^1.0.1"

rechoir@^0.6.2:
  version "0.6.2"
  resolved "https://registry.npmjs.org/rechoir/-/rechoir-0.6.2.tgz"
  dependencies:
    resolve "^1.1.6"

require-directory@^2.1.1:
  version "2.1.1"
  resolved "https://registry.npmjs.org/require-directory/-/require-directory-2.1.1.tgz"

require-in-the-middle@^5.0.3:
  version "5.1.0"
  resolved "https://registry.npmjs.org/require-in-the-middle/-/require-in-the-middle-5.1.0.tgz"
  dependencies:
    debug "^4.1.1"
    module-details-from-path "^1.0.3"
    resolve "^1.12.0"

resolve@^1.1.6, resolve@^1.12.0:
  version "1.20.0"
  resolved "https://registry.npmjs.org/resolve/-/resolve-1.20.0.tgz"
  dependencies:
    is-core-module "^2.2.0"
    path-parse "^1.0.6"

retry-request@^4.2.2:
  version "4.2.2"
  resolved "https://registry.npmjs.org/retry-request/-/retry-request-4.2.2.tgz"
  dependencies:
    debug "^4.1.1"
    extend "^3.0.2"

safe-buffer@^5.0.1, safe-buffer@~5.2.0:
  version "5.2.1"
  resolved "https://registry.npmjs.org/safe-buffer/-/safe-buffer-5.2.1.tgz"

semver@7.3.5, semver@^7.1.3, semver@^7.3.2, semver@^7.3.5:
  version "7.3.5"
  resolved "https://registry.npmjs.org/semver/-/semver-7.3.5.tgz"
  dependencies:
    lru-cache "^6.0.0"

shelljs@^0.8.4:
  version "0.8.4"
  resolved "https://registry.npmjs.org/shelljs/-/shelljs-0.8.4.tgz"
  dependencies:
    glob "^7.0.0"
    interpret "^1.0.0"
    rechoir "^0.6.2"

shimmer@^1.2.1:
  version "1.2.1"
  resolved "https://registry.npmjs.org/shimmer/-/shimmer-1.2.1.tgz"

source-map-support@^0.5.17:
  version "0.5.20"
  resolved "https://registry.npmjs.org/source-map-support/-/source-map-support-0.5.20.tgz"
  dependencies:
    buffer-from "^1.0.0"
    source-map "^0.6.0"

source-map@^0.6.0:
  version "0.6.1"
  resolved "https://registry.npmjs.org/source-map/-/source-map-0.6.1.tgz"

stream-events@^1.0.5:
  version "1.0.5"
  resolved "https://registry.npmjs.org/stream-events/-/stream-events-1.0.5.tgz"
  dependencies:
    stubs "^3.0.0"

stream-shift@^1.0.0:
  version "1.0.1"
  resolved "https://registry.npmjs.org/stream-shift/-/stream-shift-1.0.1.tgz"

string-format-obj@^1.1.1:
  version "1.1.1"
  resolved "https://registry.npmjs.org/string-format-obj/-/string-format-obj-1.1.1.tgz"

string-width@^4.1.0, string-width@^4.2.0, string-width@^4.2.3:
  version "4.2.3"
  resolved "https://registry.npmjs.org/string-width/-/string-width-4.2.3.tgz"
  dependencies:
    emoji-regex "^8.0.0"
    is-fullwidth-code-point "^3.0.0"
    strip-ansi "^6.0.1"

string_decoder@^1.1.1:
  version "1.3.0"
  resolved "https://registry.npmjs.org/string_decoder/-/string_decoder-1.3.0.tgz"
  dependencies:
    safe-buffer "~5.2.0"

strip-ansi@^6.0.0, strip-ansi@^6.0.1:
  version "6.0.1"
  resolved "https://registry.npmjs.org/strip-ansi/-/strip-ansi-6.0.1.tgz"
  dependencies:
    ansi-regex "^5.0.1"

stubs@^3.0.0:
  version "3.0.0"
  resolved "https://registry.npmjs.org/stubs/-/stubs-3.0.0.tgz"

teeny-request@^7.0.0:
  version "7.2.0"
  resolved "https://registry.npmjs.org/teeny-request/-/teeny-request-7.2.0.tgz"
  dependencies:
    http-proxy-agent "^5.0.0"
    https-proxy-agent "^5.0.0"
    node-fetch "^2.6.1"
    stream-events "^1.0.5"
    uuid "^8.0.0"

tr46@~0.0.3:
  version "0.0.3"
  resolved "https://registry.npmjs.org/tr46/-/tr46-0.0.3.tgz"

ts-node@^9.0.0:
  version "9.1.1"
  resolved "https://registry.npmjs.org/ts-node/-/ts-node-9.1.1.tgz"
  dependencies:
    arg "^4.1.0"
    create-require "^1.1.0"
    diff "^4.0.1"
    make-error "^1.1.1"
    source-map-support "^0.5.17"
    yn "3.1.1"

tslib@^2.3.0:
  version "2.3.0"
  resolved "https://registry.npmjs.org/tslib/-/tslib-2.3.0.tgz"

typescript@~4.4.2:
  version "4.4.4"
  resolved "https://registry.npmjs.org/typescript/-/typescript-4.4.4.tgz"

util-deprecate@^1.0.1:
  version "1.0.2"
  resolved "https://registry.npmjs.org/util-deprecate/-/util-deprecate-1.0.2.tgz"

uuid@^8.0.0:
  version "8.3.2"
  resolved "https://registry.npmjs.org/uuid/-/uuid-8.3.2.tgz"

webidl-conversions@^3.0.0:
  version "3.0.1"
  resolved "https://registry.npmjs.org/webidl-conversions/-/webidl-conversions-3.0.1.tgz"

whatwg-url@^5.0.0:
  version "5.0.0"
  resolved "https://registry.npmjs.org/whatwg-url/-/whatwg-url-5.0.0.tgz"
  dependencies:
    tr46 "~0.0.3"
    webidl-conversions "^3.0.0"

wrap-ansi@^7.0.0:
  version "7.0.0"
  resolved "https://registry.npmjs.org/wrap-ansi/-/wrap-ansi-7.0.0.tgz"
  dependencies:
    ansi-styles "^4.0.0"
    string-width "^4.1.0"
    strip-ansi "^6.0.0"

wrappy@1:
  version "1.0.2"
  resolved "https://registry.npmjs.org/wrappy/-/wrappy-1.0.2.tgz"

xtend@^4.0.0:
  version "4.0.2"
  resolved "https://registry.npmjs.org/xtend/-/xtend-4.0.2.tgz"

y18n@^5.0.5:
  version "5.0.8"
  resolved "https://registry.npmjs.org/y18n/-/y18n-5.0.8.tgz"

yallist@^4.0.0:
  version "4.0.0"
  resolved "https://registry.npmjs.org/yallist/-/yallist-4.0.0.tgz"

yargs-parser@^20.2.2:
  version "20.2.9"
  resolved "https://registry.npmjs.org/yargs-parser/-/yargs-parser-20.2.9.tgz"

yargs-parser@^21.1.1:
  version "21.1.1"
  resolved "https://registry.yarnpkg.com/yargs-parser/-/yargs-parser-21.1.1.tgz#9096bceebf990d21bb31fa9516e0ede294a77d35"

yargs@^16.1.1:
  version "16.2.0"
  resolved "https://registry.npmjs.org/yargs/-/yargs-16.2.0.tgz"
  dependencies:
    cliui "^7.0.2"
    escalade "^3.1.1"
    get-caller-file "^2.0.5"
    require-directory "^2.1.1"
    string-width "^4.2.0"
    y18n "^5.0.5"
    yargs-parser "^20.2.2"

yargs@^17.7.2:
  version "17.7.2"
  resolved "https://registry.yarnpkg.com/yargs/-/yargs-17.7.2.tgz#991df39aca675a192b816e1e0363f9d75d2aa269"
  dependencies:
    cliui "^8.0.1"
    escalade "^3.1.1"
    get-caller-file "^2.0.5"
    require-directory "^2.1.1"
    string-width "^4.2.3"
    y18n "^5.0.5"
    yargs-parser "^21.1.1"

yn@3.1.1:
  version "3.1.1"
  resolved "https://registry.npmjs.org/yn/-/yn-3.1.1.tgz"
